
Microsoft Visual Studio Solution File, Format Version 12.00
Project("{FAE04EC0-301F-11D3-BF4B-00C04F79EFBC}") = "Api", "Api\Api.csproj", "{5851DA32-FC73-46BE-9D2F-8DE824222DB0}"
EndProject
Global
	GlobalSection(SolutionConfigurationPlatforms) = preSolution
		Debug|Any CPU = Debug|Any CPU
		Release|Any CPU = Release|Any CPU
	EndGlobalSection
	GlobalSection(ProjectConfigurationPlatforms) = postSolution
		{5851DA32-FC73-46BE-9D2F-8DE824222DB0}.Debug|Any CPU.ActiveCfg = Debug|Any CPU
		{5851DA32-FC73-46BE-9D2F-8DE824222DB0}.Debug|Any CPU.Build.0 = Debug|Any CPU
		{5851DA32-FC73-46BE-9D2F-8DE824222DB0}.Release|Any CPU.ActiveCfg = Release|Any CPU
		{5851DA32-FC73-46BE-9D2F-8DE824222DB0}.Release|Any CPU.Build.0 = Release|Any CPU
	EndGlobalSection
EndGlobal
